{
  "name": "foresightbattle",
  "version": "1.0.0",
  "lockfileVersion": 3,
  "requires": true,
  "packages": {
    "": {
      "name": "foresightbattle",
      "version": "1.0.0",
      "dependencies": {
        "next": "14.1.0",
        "react": "18.2.0",
        "react-dom": "18.2.0",
        "@supabase/supabase-js": "^2.38.0"
      }
    },
    "node_modules/@supabase/supabase-js": {
      "version": "2.38.0",
      "resolved": "",
      "integrity": ""
    },
    "node_modules/next": {
      "version": "14.1.0",
      "resolved": "",
      "integrity": ""
    },
    "node_modules/react": {
      "version": "18.2.0",
      "resolved": "",
      "integrity": ""
    },
    "node_modules/react-dom": {
      "version": "18.2.0",
      "resolved": "",
      "integrity": ""
    }
  }
}

